
Microsoft Visual Studio Solution File, Format Version 12.00
# Visual Studio 15
VisualStudioVersion = 15.0.27703.2018
MinimumVisualStudioVersion = 10.0.40219.1
Project("{FAE04EC0-301F-11D3-BF4B-00C04F79EFBC}") = "ProjectManager.CommonEntities", "ProjectManager.CommonEntities\ProjectManager.CommonEntities.csproj", "{81D89A3F-1565-42F6-867C-81A1D34CBEBC}"
EndProject
Project("{FAE04EC0-301F-11D3-BF4B-00C04F79EFBC}") = "ProjectManager.DataAccessLayer", "ProjectManager.DataAccessLayer\ProjectManager.DataAccessLayer.csproj", "{7A779FEB-5388-4C81-9A72-BBEC6CF19C0A}"
EndProject
Project("{FAE04EC0-301F-11D3-BF4B-00C04F79EFBC}") = "ProjectManager.BusinessLayer", "ProjectManager.BusinessLayer\ProjectManager.BusinessLayer.csproj", "{EBD7ED08-DEB8-45C6-952A-875F6E6A9328}"
EndProject
Project("{FAE04EC0-301F-11D3-BF4B-00C04F79EFBC}") = "ProjectManager.InterfaceLayer", "ProjectManager.InterfaceLayer\ProjectManager.InterfaceLayer.csproj", "{D2DD72E4-54CA-4692-8935-9A791779E5B7}"
EndProject
Project("{FAE04EC0-301F-11D3-BF4B-00C04F79EFBC}") = "ProjectManagerService", "ProjectManagerService\ProjectManagerService.csproj", "{02A234A4-8F5C-41DC-B5EE-5F5E1023AD7A}"
EndProject
Project("{FAE04EC0-301F-11D3-BF4B-00C04F79EFBC}") = "ProjectManagerService.Tests", "ProjectManagerService.Tests\ProjectManagerService.Tests.csproj", "{105B4372-97D0-45DF-A2A4-428F467CC72F}"
EndProject
Project("{2150E333-8FDC-42A3-9474-1A3956D46DE8}") = "TestResults", "TestResults", "{CAE842D0-683A-49BF-AF98-6748395C9DD7}"
	ProjectSection(SolutionItems) = preProject
		TestResults\OpenCover.docx = TestResults\OpenCover.docx
		TestResults\OpenCover_V1.JPG = TestResults\OpenCover_V1.JPG
		TestResults\summary.htm = TestResults\summary.htm
		TestResults\TestResult.xml = TestResults\TestResult.xml
		TestResults\Unit_Performance_Test_Result.JPG = TestResults\Unit_Performance_Test_Result.JPG
	EndProjectSection
EndProject
Project("{2150E333-8FDC-42A3-9474-1A3956D46DE8}") = "Database_Scripts", "Database_Scripts", "{34CFA89B-39BD-49EC-A9F9-A0DE7A9084DF}"
	ProjectSection(SolutionItems) = preProject
		ParentTasks_Table.sql = ParentTasks_Table.sql
		Projects_Table.sql = Projects_Table.sql
		Tasks_Table.sql = Tasks_Table.sql
		Users_table.sql = Users_table.sql
	EndProjectSection
EndProject
Global
	GlobalSection(SolutionConfigurationPlatforms) = preSolution
		Debug|Any CPU = Debug|Any CPU
		Release|Any CPU = Release|Any CPU
	EndGlobalSection
	GlobalSection(ProjectConfigurationPlatforms) = postSolution
		{81D89A3F-1565-42F6-867C-81A1D34CBEBC}.Debug|Any CPU.ActiveCfg = Debug|Any CPU
		{81D89A3F-1565-42F6-867C-81A1D34CBEBC}.Debug|Any CPU.Build.0 = Debug|Any CPU
		{81D89A3F-1565-42F6-867C-81A1D34CBEBC}.Release|Any CPU.ActiveCfg = Release|Any CPU
		{81D89A3F-1565-42F6-867C-81A1D34CBEBC}.Release|Any CPU.Build.0 = Release|Any CPU
		{7A779FEB-5388-4C81-9A72-BBEC6CF19C0A}.Debug|Any CPU.ActiveCfg = Debug|Any CPU
		{7A779FEB-5388-4C81-9A72-BBEC6CF19C0A}.Debug|Any CPU.Build.0 = Debug|Any CPU
		{7A779FEB-5388-4C81-9A72-BBEC6CF19C0A}.Release|Any CPU.ActiveCfg = Release|Any CPU
		{7A779FEB-5388-4C81-9A72-BBEC6CF19C0A}.Release|Any CPU.Build.0 = Release|Any CPU
		{EBD7ED08-DEB8-45C6-952A-875F6E6A9328}.Debug|Any CPU.ActiveCfg = Debug|Any CPU
		{EBD7ED08-DEB8-45C6-952A-875F6E6A9328}.Debug|Any CPU.Build.0 = Debug|Any CPU
		{EBD7ED08-DEB8-45C6-952A-875F6E6A9328}.Release|Any CPU.ActiveCfg = Release|Any CPU
		{EBD7ED08-DEB8-45C6-952A-875F6E6A9328}.Release|Any CPU.Build.0 = Release|Any CPU
		{D2DD72E4-54CA-4692-8935-9A791779E5B7}.Debug|Any CPU.ActiveCfg = Debug|Any CPU
		{D2DD72E4-54CA-4692-8935-9A791779E5B7}.Debug|Any CPU.Build.0 = Debug|Any CPU
		{D2DD72E4-54CA-4692-8935-9A791779E5B7}.Release|Any CPU.ActiveCfg = Release|Any CPU
		{D2DD72E4-54CA-4692-8935-9A791779E5B7}.Release|Any CPU.Build.0 = Release|Any CPU
		{02A234A4-8F5C-41DC-B5EE-5F5E1023AD7A}.Debug|Any CPU.ActiveCfg = Debug|Any CPU
		{02A234A4-8F5C-41DC-B5EE-5F5E1023AD7A}.Debug|Any CPU.Build.0 = Debug|Any CPU
		{02A234A4-8F5C-41DC-B5EE-5F5E1023AD7A}.Release|Any CPU.ActiveCfg = Release|Any CPU
		{02A234A4-8F5C-41DC-B5EE-5F5E1023AD7A}.Release|Any CPU.Build.0 = Release|Any CPU
		{105B4372-97D0-45DF-A2A4-428F467CC72F}.Debug|Any CPU.ActiveCfg = Debug|Any CPU
		{105B4372-97D0-45DF-A2A4-428F467CC72F}.Debug|Any CPU.Build.0 = Debug|Any CPU
		{105B4372-97D0-45DF-A2A4-428F467CC72F}.Release|Any CPU.ActiveCfg = Release|Any CPU
		{105B4372-97D0-45DF-A2A4-428F467CC72F}.Release|Any CPU.Build.0 = Release|Any CPU
	EndGlobalSection
	GlobalSection(SolutionProperties) = preSolution
		HideSolutionNode = FALSE
	EndGlobalSection
	GlobalSection(ExtensibilityGlobals) = postSolution
		SolutionGuid = {6DCFC977-2B8C-476B-AA08-77B50C0C023A}
	EndGlobalSection
EndGlobal
